
Microsoft Visual Studio Solution File, Format Version 12.00
Project("{2150E333-8FDC-42A3-9474-1A3956D46DE8}") = "src", "src", "{273BF92E-0831-4B55-A335-2BA7A7C22DFD}"
EndProject
Project("{FAE04EC0-301F-11D3-BF4B-00C04F79EFBC}") = "Easing", "Easing\Easing.csproj", "{A42B522C-F70A-4113-8BF6-500A696ADC89}"
EndProject
Project("{FAE04EC0-301F-11D3-BF4B-00C04F79EFBC}") = "Tweening", "Tweening\Tweening.csproj", "{BD867B49-262C-4C2A-8264-C03E58EF77B0}"
EndProject
Project("{2150E333-8FDC-42A3-9474-1A3956D46DE8}") = "benchmarks", "benchmarks", "{5CEA3D68-E954-4E84-A837-DE207F1C51CD}"
EndProject
Project("{FAE04EC0-301F-11D3-BF4B-00C04F79EFBC}") = "Easing.Benchmarks", "Easing.Benchmarks\Easing.Benchmarks.csproj", "{B6EF0C4B-1297-4D7C-AC4A-DE88CD9882BA}"
EndProject
Global
	GlobalSection(SolutionConfigurationPlatforms) = preSolution
		Debug|Any CPU = Debug|Any CPU
		Release|Any CPU = Release|Any CPU
	EndGlobalSection
	GlobalSection(NestedProjects) = preSolution
		{A42B522C-F70A-4113-8BF6-500A696ADC89} = {273BF92E-0831-4B55-A335-2BA7A7C22DFD}
		{BD867B49-262C-4C2A-8264-C03E58EF77B0} = {273BF92E-0831-4B55-A335-2BA7A7C22DFD}
		{B6EF0C4B-1297-4D7C-AC4A-DE88CD9882BA} = {5CEA3D68-E954-4E84-A837-DE207F1C51CD}
	EndGlobalSection
	GlobalSection(ProjectConfigurationPlatforms) = postSolution
		{A42B522C-F70A-4113-8BF6-500A696ADC89}.Debug|Any CPU.ActiveCfg = Debug|Any CPU
		{A42B522C-F70A-4113-8BF6-500A696ADC89}.Debug|Any CPU.Build.0 = Debug|Any CPU
		{A42B522C-F70A-4113-8BF6-500A696ADC89}.Release|Any CPU.ActiveCfg = Release|Any CPU
		{A42B522C-F70A-4113-8BF6-500A696ADC89}.Release|Any CPU.Build.0 = Release|Any CPU
		{BD867B49-262C-4C2A-8264-C03E58EF77B0}.Debug|Any CPU.ActiveCfg = Debug|Any CPU
		{BD867B49-262C-4C2A-8264-C03E58EF77B0}.Debug|Any CPU.Build.0 = Debug|Any CPU
		{BD867B49-262C-4C2A-8264-C03E58EF77B0}.Release|Any CPU.ActiveCfg = Release|Any CPU
		{BD867B49-262C-4C2A-8264-C03E58EF77B0}.Release|Any CPU.Build.0 = Release|Any CPU
		{B6EF0C4B-1297-4D7C-AC4A-DE88CD9882BA}.Debug|Any CPU.ActiveCfg = Debug|Any CPU
		{B6EF0C4B-1297-4D7C-AC4A-DE88CD9882BA}.Debug|Any CPU.Build.0 = Debug|Any CPU
		{B6EF0C4B-1297-4D7C-AC4A-DE88CD9882BA}.Release|Any CPU.ActiveCfg = Release|Any CPU
		{B6EF0C4B-1297-4D7C-AC4A-DE88CD9882BA}.Release|Any CPU.Build.0 = Release|Any CPU
	EndGlobalSection
EndGlobal
